{
  "object": {
    "pins": [
      {
        "package": "Cairo",
        "repositoryURL": "https://github.com/Kiwijane3/Cairo.git",
        "state": {
          "branch": null,
          "revision": "d017bc70812f0bf827bb2beba15353044e31b394",
          "version": "1.2.5"
        }
      }
    ]
  },
  "version": 1
}
